
Microsoft Visual Studio Solution File, Format Version 11.00
# Visual Studio 2010
Project("{F184B08F-C81C-45F6-A57F-5ABD9991F28F}") = "SOAP_WINECAP", "SOAP_WINECAP\SOAP_WINECAP.vbproj", "{2AA1483F-CB69-4BBD-A6B7-11264ACB5FF8}"
EndProject
Global
	GlobalSection(SolutionConfigurationPlatforms) = preSolution
		Debug|x86 = Debug|x86
		Release|x86 = Release|x86
	EndGlobalSection
	GlobalSection(ProjectConfigurationPlatforms) = postSolution
		{2AA1483F-CB69-4BBD-A6B7-11264ACB5FF8}.Debug|x86.ActiveCfg = Debug|x86
		{2AA1483F-CB69-4BBD-A6B7-11264ACB5FF8}.Debug|x86.Build.0 = Debug|x86
		{2AA1483F-CB69-4BBD-A6B7-11264ACB5FF8}.Release|x86.ActiveCfg = Release|x86
		{2AA1483F-CB69-4BBD-A6B7-11264ACB5FF8}.Release|x86.Build.0 = Release|x86
	EndGlobalSection
	GlobalSection(SolutionProperties) = preSolution
		HideSolutionNode = FALSE
	EndGlobalSection
EndGlobal
